# This file is autogenerated, do not edit; changes may be undone by the next 'dep ensure'.


[[projects]]
  branch = "cli-inception"
  name = "github.com/arduino/arduino-builder"
  packages = [
    ".",
    "builder_utils",
    "constants",
    "ctags",
    "gohasissues",
    "i18n",
    "phases",
    "types",
    "utils"
  ]
  revision = "1901f83ecfb87d3c3ba741f9cd71dd856406403c"
  source = "github.com/bcmi-labs/arduino-builder"

[[projects]]
  branch = "master"
  name = "github.com/arduino/board-discovery"
  packages = ["."]
  revision = "e15a7a617732d07533e9cef7ac5318bc637e9575"

[[projects]]
  branch = "master"
  name = "github.com/arduino/go-paths-helper"
  packages = ["."]
  revision = "9629556a3e404ee110aa0e5d8ce02191033f7d78"

[[projects]]
  branch = "master"
  name = "github.com/arduino/go-properties-map"
  packages = ["."]
  revision = "67ac7bed4291c361a8716ca3787c17265c2fe37d"

[[projects]]
  branch = "master"
  name = "github.com/arduino/go-timeutils"
  packages = ["."]
  revision = "d1dd9e313b1bfede35fe0bbf46d612e16a50e04e"

[[projects]]
  branch = "master"
  name = "github.com/arduino/go-win32-utils"
  packages = ["."]
  revision = "ed041402e83b924251a5d65b4dfeb727c480c359"

[[projects]]
  branch = "master"
  name = "github.com/armon/go-metrics"
  packages = ["."]
  revision = "783273d703149aaeb9897cf58613d5af48861c25"

[[projects]]
  name = "github.com/aws/aws-sdk-go"
  packages = [
    "aws",
    "aws/awserr",
    "aws/awsutil",
    "aws/client",
    "aws/client/metadata",
    "aws/credentials",
    "aws/endpoints",
    "aws/request",
    "aws/signer/v4",
    "internal/shareddefaults",
    "private/protocol",
    "private/protocol/query",
    "private/protocol/query/queryutil",
    "private/protocol/rest",
    "private/protocol/restxml",
    "private/protocol/xml/xmlutil",
    "service/s3",
    "service/s3/s3iface"
  ]
  revision = "1b176c5c6b57adb03bb982c21930e708ebca5a77"
  version = "v1.12.70"

[[projects]]
  branch = "master"
  name = "github.com/bcmi-labs/arduino-modules"
  packages = [
    "fs",
    "sketches"
  ]
  revision = "61f5789e8c68edfe71adb6e2c7f529b43dbf3ce4"

[[projects]]
  branch = "master"
  name = "github.com/bgentry/go-netrc"
  packages = ["netrc"]
  revision = "9fd32a8b3d3d3f9d43c341bfe098430e07609480"

[[projects]]
  name = "github.com/blang/semver"
  packages = ["."]
  revision = "2ee87856327ba09384cabd113bc6b5d174e9ec0f"
  version = "v3.5.1"

[[projects]]
  name = "github.com/bouk/monkey"
  packages = ["."]
  revision = "5df1f207ff77e025801505ae4d903133a0b4353f"

[[projects]]
  name = "github.com/briandowns/spinner"
  packages = ["."]
  revision = "48dbb65d7bd5c74ab50d53d04c949f20e3d14944"
  version = "1.0"

[[projects]]
  branch = "master"
  name = "github.com/cavaliercoder/grab"
  packages = ["."]
  revision = "b7c6f788e7cbd3afa871543749c38b7a3abeb7e4"

[[projects]]
  name = "github.com/cenkalti/backoff"
  packages = ["."]
  revision = "2ea60e5f094469f9e65adb9cd103795b73ae743e"
  version = "v2.0.0"

[[projects]]
  name = "github.com/codeclysm/cc"
  packages = ["."]
  revision = "6cb228ab831bc3451132b6baf4ae76c5fb802658"
  version = "v1.2.2"

[[projects]]
  name = "github.com/codeclysm/extract"
  packages = ["."]
  revision = "d489ebb956c95f16e9435028ee81b332628a3aa6"
  version = "v1.1.1"

[[projects]]
  name = "github.com/cpuguy83/go-md2man"
  packages = ["md2man"]
  revision = "20f5889cbdc3c73dbd2862796665e7c465ade7d1"
  version = "v1.0.8"

[[projects]]
  branch = "master"
  name = "github.com/creack/goselect"
  packages = ["."]
  revision = "176c667f75aaf12301181e3cbf69da406ba0fd99"

[[projects]]
  name = "github.com/davecgh/go-spew"
  packages = ["spew"]
  revision = "346938d642f2ec3594ed81d874461961cd0faa76"
  version = "v1.1.0"

[[projects]]
  name = "github.com/dimfeld/httptreemux"
  packages = ["."]
  revision = "7f532489e7739b3d49df5c602bf63549881fe753"
  version = "v5.0.1"

[[projects]]
  branch = "master"
  name = "github.com/facchinm/go-serial-native"
  packages = ["."]
  revision = "af997a46fb5a5ad87469f1dd6a1bb86918f259ba"

[[projects]]
  name = "github.com/fatih/color"
  packages = ["."]
  revision = "507f6050b8568533fb3f5504de8e5205fa62a114"
  version = "v1.6.0"

[[projects]]
  branch = "master"
  name = "github.com/fluxio/iohelpers"
  packages = ["line"]
  revision = "3a4dd67a94d215a3fe44f84c98b34472627fd3a3"

[[projects]]
  name = "github.com/fluxio/multierror"
  packages = ["."]
  revision = "9c68d39025e5c354adb4da3d75f3c8ee6f8c6a02"

[[projects]]
  name = "github.com/go-errors/errors"
  packages = ["."]
  revision = "a6af135bd4e28680facf08a3d206b454abc877a4"
  version = "v1.0.1"

[[projects]]
  name = "github.com/go-ini/ini"
  packages = ["."]
  revision = "6529cf7c58879c08d927016dde4477f18a0634cb"
  version = "v1.36.0"

[[projects]]
  name = "github.com/goadesign/goa"
  packages = [
    ".",
    "client",
    "uuid"
  ]
  revision = "fc29b77a218fb9e190849c81911ed12d25e771de"
  version = "v1.3.1"

[[projects]]
  name = "github.com/golang/protobuf"
  packages = ["proto"]
  revision = "925541529c1fa6821df4e44ce2723319eb2be768"
  version = "v1.0.0"

[[projects]]
  branch = "master"
  name = "github.com/gosuri/uitable"
  packages = [
    ".",
    "util/strutil",
    "util/wordwrap"
  ]
  revision = "36ee7e946282a3fb1cfecd476ddc9b35d8847e42"

[[projects]]
  branch = "master"
  name = "github.com/hailocab/go-hostpool"
  packages = ["."]
  revision = "e80d13ce29ede4452c43dea11e79b9bc8a15b478"

[[projects]]
  branch = "master"
  name = "github.com/hashicorp/go-immutable-radix"
  packages = ["."]
  revision = "7f3cd4390caab3250a57f30efdb2a65dd7649ecf"

[[projects]]
  branch = "master"
  name = "github.com/hashicorp/golang-lru"
  packages = ["simplelru"]
  revision = "0fb14efe8c47ae851c0034ed7a448854d3d34cf3"

[[projects]]
  name = "github.com/inconshreveable/mousetrap"
  packages = ["."]
  revision = "76626ae9c91c4f2a10f34cad8ce83ea42c93bb75"
  version = "v1.0"

[[projects]]
  name = "github.com/jmespath/go-jmespath"
  packages = ["."]
  revision = "0b12d6b5"

[[projects]]
  name = "github.com/juju/errors"
  packages = ["."]
  revision = "c7d06af17c68cd34c835053720b21f6549d9b0ee"

[[projects]]
  name = "github.com/mattn/go-colorable"
  packages = ["."]
  revision = "167de6bfdfba052fa6b2d3664c8f5272e23c9072"
  version = "v0.0.9"

[[projects]]
  name = "github.com/mattn/go-isatty"
  packages = ["."]
  revision = "0360b2af4f38e8d38c7fce2a9f4e702702d73a39"
  version = "v0.0.3"

[[projects]]
  name = "github.com/mattn/go-runewidth"
  packages = ["."]
  revision = "9e777a8366cce605130a531d2cd6363d07ad7317"
  version = "v0.0.2"

[[projects]]
  name = "github.com/miekg/dns"
  packages = ["."]
  revision = "83c435cc65d2862736428b9b4d07d0ab10ad3e4d"
  version = "v1.0.5"

[[projects]]
  branch = "master"
  name = "github.com/mitchellh/go-homedir"
  packages = ["."]
  revision = "b8bc1bf767474819792c23f32d8286a45736f1c6"

[[projects]]
  branch = "master"
  name = "github.com/oleksandr/bonjour"
  packages = ["."]
  revision = "5dcf00d8b228be86307f952f550f2191d956b9e2"

[[projects]]
  name = "github.com/pkg/errors"
  packages = ["."]
  revision = "645ef00459ed84a119197bfb8d8205042c6df63d"
  version = "v0.8.0"

[[projects]]
  name = "github.com/pmezard/go-difflib"
  packages = ["difflib"]
  revision = "792786c7400a136282c1664665ae0a8db921c6c2"
  version = "v1.0.0"

[[projects]]
  branch = "master"
  name = "github.com/pmylund/sortutil"
  packages = ["."]
  revision = "abeda66eb583fac2d8d98d3d2e6fbd5c67af7947"

[[projects]]
  name = "github.com/russross/blackfriday"
  packages = ["."]
  revision = "55d61fa8aa702f59229e6cff85793c22e580eaf5"
  version = "v1.5.1"

[[projects]]
  branch = "master"
  name = "github.com/satori/go.uuid"
  packages = ["."]
  revision = "36e9d2ebbde5e3f13ab2e25625fd453271d6522e"

[[projects]]
  name = "github.com/sirupsen/logrus"
  packages = ["."]
  revision = "c155da19408a8799da419ed3eeb0cb5db0ad5dbc"
  version = "v1.0.5"

[[projects]]
  name = "github.com/spf13/cobra"
  packages = [
    ".",
    "doc"
  ]
  revision = "a1f051bc3eba734da4772d60e2d677f47cf93ef4"
  version = "v0.0.2"

[[projects]]
  name = "github.com/spf13/pflag"
  packages = ["."]
  revision = "583c0c0531f06d5278b7d917446061adc344b5cd"
  version = "v1.0.1"

[[projects]]
  name = "github.com/stretchr/testify"
  packages = [
    "assert",
    "require"
  ]
  revision = "12b6f73e6084dad08a7c6e575284b177ecafbc71"
  version = "v1.2.1"

[[projects]]
  branch = "master"
  name = "go.bug.st/serial.v1"
  packages = [
    ".",
    "unixutils"
  ]
  revision = "eae1344f9f90101f887b08d13391c34399f97873"

[[projects]]
  branch = "master"
  name = "golang.org/x/crypto"
  packages = [
    "ed25519",
    "ed25519/internal/edwards25519",
    "pbkdf2",
    "ssh/terminal"
  ]
  revision = "b49d69b5da943f7ef3c9cf91c8777c1f78a0cc3c"

[[projects]]
  branch = "master"
  name = "golang.org/x/net"
  packages = [
    "bpf",
    "context",
    "internal/iana",
    "internal/socket",
    "ipv4",
    "ipv6",
    "websocket"
  ]
  revision = "5f9ae10d9af5b1c89ae6904293b14b064d4ada23"

[[projects]]
  branch = "master"
  name = "golang.org/x/sys"
  packages = [
    "unix",
    "windows"
  ]
  revision = "bb9c189858d91f42db229b04d45a4c3d23a7662a"

[[projects]]
  name = "golang.org/x/text"
  packages = [
    "internal/gen",
    "internal/triegen",
    "internal/ucd",
    "transform",
    "unicode/cldr",
    "unicode/norm"
  ]
  revision = "f21a4dfb5e38f5895301dc265a8def02365cc3d0"
  version = "v0.3.0"

[[projects]]
  branch = "master"
  name = "gopkg.in/cheggaaa/pb.v1"
  packages = ["."]
  revision = "dcc3867d13685988f6a16700cbf1022883984b97"
  source = "github.com/cmaglie/pb"

[[projects]]
  name = "gopkg.in/fatih/pool.v2"
  packages = ["."]
  revision = "010e0b745d12eaf8426c95f9c3924d81dd0b668f"
  version = "v2.0.0"

[[projects]]
  name = "gopkg.in/gorethink/gorethink.v3"
  packages = [
    ".",
    "encoding",
    "ql2",
    "types"
  ]
  revision = "7f5bdfd858bb064d80559b2a32b86669c5de5d3b"
  version = "v3.0.5"

[[projects]]
  name = "gopkg.in/h2non/filetype.v1"
  packages = [
    ".",
    "matchers",
    "types"
  ]
  revision = "cc14fdc9ca0e4c2bafad7458f6ff79fd3947cfbb"
  version = "v1.0.5"

[[projects]]
  name = "gopkg.in/yaml.v2"
  packages = ["."]
  revision = "5420a8b6744d3b0345ab293f6fcba19c978f1183"
  version = "v2.2.1"

[solve-meta]
  analyzer-name = "dep"
  analyzer-version = 1
  inputs-digest = "9b17348716f71b93181b4b79e32473eab275dd2cdf54f338c2e062831b6589f2"
  solver-name = "gps-cdcl"
  solver-version = 1
