# This file is autogenerated, do not edit; changes may be undone by the next 'dep ensure'.


[[projects]]
  branch = "cli-inception"
  digest = "1:da33441fbc4cb624982fbb0bb8ec49d50fda8b0497953c710299c1533d8cc682"
  name = "github.com/arduino/arduino-builder"
  packages = [
    ".",
    "builder_utils",
    "constants",
    "ctags",
    "gohasissues",
    "i18n",
    "phases",
    "types",
    "utils",
  ]
  pruneopts = "UT"
  revision = "8f0fb63d56c77aa3265ea387b777970df2442977"
  source = "github.com/arduino/arduino-builder"

[[projects]]
  digest = "1:ab5037f4170f63c96d082f43fa92b02b660ac11536862c0fb4986d60a7af43b6"
  name = "github.com/arduino/arduino-cli"
  packages = [
    "arduino/cores",
    "arduino/cores/packageindex",
    "arduino/cores/packagemanager",
    "arduino/libraries",
    "arduino/libraries/librariesindex",
    "arduino/libraries/librariesmanager",
    "arduino/libraries/librariesresolver",
    "arduino/resources",
    "arduino/utils",
    "common/formatter",
    "configs",
  ]
  pruneopts = "UT"
  revision = "494bc9418c806283a2cb7b76073debc61fd76c6f"
  version = "0.3.4-alpha.preview"

[[projects]]
  branch = "master"
  digest = "1:16e26ae59d3dbd322a03511c1a56731aa4722743e5f8294f9fead841e6930b71"
  name = "github.com/arduino/board-discovery"
  packages = ["."]
  pruneopts = "UT"
  revision = "1ba29327fb0cd77c44823490c43433475f5379c6"

[[projects]]
  branch = "master"
  digest = "1:fd2ebfc02b6ad10599b226d2c0265f160e95e7c80e23f01dcf34a8aff0de98c9"
  name = "github.com/arduino/go-paths-helper"
  packages = ["."]
  pruneopts = "UT"
  revision = "751652ddd9f0a98650e681673c2c73937002e889"

[[projects]]
  branch = "master"
  digest = "1:0ee4da82ad4588eec5fff9a3d2b954cfa37ee46fe6c2e6c7ee6da12111583211"
  name = "github.com/arduino/go-properties-orderedmap"
  packages = ["."]
  pruneopts = "UT"
  revision = "89278049acd3b807d566b8290a71e73b7c12ce3d"

[[projects]]
  branch = "master"
  digest = "1:fdf55b9be26891179ee17080b08f4cbb35cae2ac1c3d726531afc39c8fd6876b"
  name = "github.com/arduino/go-timeutils"
  packages = ["."]
  pruneopts = "UT"
  revision = "d1dd9e313b1bfede35fe0bbf46d612e16a50e04e"

[[projects]]
  branch = "master"
  digest = "1:a7dbdcfa3a7cd7cf539147d0f1864ef0bae8a46bf6ebbf471ace093d69e486d6"
  name = "github.com/arduino/go-win32-utils"
  packages = ["."]
  pruneopts = "UT"
  revision = "ed041402e83b924251a5d65b4dfeb727c480c359"

[[projects]]
  branch = "master"
  digest = "1:37011b20a70e205b93ebea5287e1afa5618db54bf3998c36ff5a8e4b146a170a"
  name = "github.com/bgentry/go-netrc"
  packages = ["netrc"]
  pruneopts = "UT"
  revision = "9fd32a8b3d3d3f9d43c341bfe098430e07609480"

[[projects]]
  digest = "1:d8abdc866ebbe05fa3bce50863e23afd4c73c804b90c908caa864e86df1db8a1"
  name = "github.com/bouk/monkey"
  packages = ["."]
  pruneopts = "UT"
  revision = "5df1f207ff77e025801505ae4d903133a0b4353f"
  version = "v1.0.0"

[[projects]]
  digest = "1:be677f4dfba4c2ea3e2bd6178175a818197c2d592f2c367b1051146a26a2c5c4"
  name = "github.com/codeclysm/cc"
  packages = ["."]
  pruneopts = "UT"
  revision = "6cb228ab831bc3451132b6baf4ae76c5fb802658"
  version = "v1.2.2"

[[projects]]
  digest = "1:db8e2f3c8cc717afe53c6941776312bd7046d45d9fb757c5f3f32fd3cc46562d"
  name = "github.com/codeclysm/extract"
  packages = ["."]
  pruneopts = "UT"
  revision = "de8493db4b3e06921c3ee97fa0b200435a8a796d"
  version = "v2.0.0"

[[projects]]
  digest = "1:7cb4fdca4c251b3ef8027c90ea35f70c7b661a593b9eeae34753c65499098bb1"
  name = "github.com/cpuguy83/go-md2man"
  packages = ["md2man"]
  pruneopts = "UT"
  revision = "20f5889cbdc3c73dbd2862796665e7c465ade7d1"
  version = "v1.0.8"

[[projects]]
  branch = "master"
  digest = "1:0846236df001eadcd5abf6755d029f20e7002cc6ee5ec9556d3df2756f1a3305"
  name = "github.com/creack/goselect"
  packages = ["."]
  pruneopts = "UT"
  revision = "176c667f75aaf12301181e3cbf69da406ba0fd99"

[[projects]]
  digest = "1:a2c1d0e43bd3baaa071d1b9ed72c27d78169b2b269f71c105ac4ba34b1be4a39"
  name = "github.com/davecgh/go-spew"
  packages = ["spew"]
  pruneopts = "UT"
  revision = "346938d642f2ec3594ed81d874461961cd0faa76"
  version = "v1.1.0"

[[projects]]
  digest = "1:4bb94bb2d837b5c7489d9e5e1fcffbc81fa1cb43024cbb4fe827787378f01e3b"
  name = "github.com/fatih/color"
  packages = ["."]
  pruneopts = "UT"
  revision = "507f6050b8568533fb3f5504de8e5205fa62a114"
  version = "v1.6.0"

[[projects]]
  branch = "master"
  digest = "1:e050b01bf3d36d4fb50b811ad195baccdb5a8be30ffe532351a0579e560e0276"
  name = "github.com/fluxio/iohelpers"
  packages = ["line"]
  pruneopts = "UT"
  revision = "3a4dd67a94d215a3fe44f84c98b34472627fd3a3"

[[projects]]
  digest = "1:02ff84bf7e1feb22f08425de068fdbd16148f5119a57129836e19a8a3b066039"
  name = "github.com/fluxio/multierror"
  packages = ["."]
  pruneopts = "UT"
  revision = "9c68d39025e5c354adb4da3d75f3c8ee6f8c6a02"

[[projects]]
  digest = "1:aacef5f5e45685f2aeda5534d0a750dee6859de7e9088cdd06192787bb01ae6d"
  name = "github.com/go-errors/errors"
  packages = ["."]
  pruneopts = "UT"
  revision = "a6af135bd4e28680facf08a3d206b454abc877a4"
  version = "v1.0.1"

[[projects]]
  digest = "1:64a5a67c69b70c2420e607a8545d674a23778ed9c3e80607bfd17b77c6c87f6a"
  name = "github.com/go-ole/go-ole"
  packages = [
    ".",
    "oleutil",
  ]
  pruneopts = "UT"
  revision = "a41e3c4b706f6ae8dfbff342b06e40fa4d2d0506"
  version = "v1.2.1"

[[projects]]
  branch = "master"
  digest = "1:4e08dc2383a46b3107f0b34ca338c4459e8fc8ee90e46a60e728aa8a2b21d558"
  name = "github.com/gosuri/uitable"
  packages = [
    ".",
    "util/strutil",
    "util/wordwrap",
  ]
  pruneopts = "UT"
  revision = "36ee7e946282a3fb1cfecd476ddc9b35d8847e42"

[[projects]]
  digest = "1:870d441fe217b8e689d7949fef6e43efbc787e50f200cb1e70dbca9204a1d6be"
  name = "github.com/inconshreveable/mousetrap"
  packages = ["."]
  pruneopts = "UT"
  revision = "76626ae9c91c4f2a10f34cad8ce83ea42c93bb75"
  version = "v1.0"

[[projects]]
  branch = "master"
  digest = "1:7d1a655e1f16ccaf1adb026bdeece28499ecb0ead32d32accc6ed6f2c40cacee"
  name = "github.com/juju/errors"
  packages = ["."]
  pruneopts = "UT"
  revision = "089d3ea4e4d597bd98acac068193d341983326a3"

[[projects]]
  digest = "1:c658e84ad3916da105a761660dcaeb01e63416c8ec7bc62256a9b411a05fcd67"
  name = "github.com/mattn/go-colorable"
  packages = ["."]
  pruneopts = "UT"
  revision = "167de6bfdfba052fa6b2d3664c8f5272e23c9072"
  version = "v0.0.9"

[[projects]]
  digest = "1:d4d17353dbd05cb52a2a52b7fe1771883b682806f68db442b436294926bbfafb"
  name = "github.com/mattn/go-isatty"
  packages = ["."]
  pruneopts = "UT"
  revision = "0360b2af4f38e8d38c7fce2a9f4e702702d73a39"
  version = "v0.0.3"

[[projects]]
  digest = "1:e2d1d410fb367567c2b53ed9e2d719d3c1f0891397bb2fa49afd747cfbf1e8e4"
  name = "github.com/mattn/go-runewidth"
  packages = ["."]
  pruneopts = "UT"
  revision = "9e777a8366cce605130a531d2cd6363d07ad7317"
  version = "v0.0.2"

[[projects]]
  digest = "1:39404cfbb35df632e9225831977e498395916ff8b20bec1aca98b4daace26e22"
  name = "github.com/miekg/dns"
  packages = ["."]
  pruneopts = "UT"
  revision = "83c435cc65d2862736428b9b4d07d0ab10ad3e4d"
  version = "v1.0.5"

[[projects]]
  branch = "master"
  digest = "1:78bbb1ba5b7c3f2ed0ea1eab57bdd3859aec7e177811563edc41198a760b06af"
  name = "github.com/mitchellh/go-homedir"
  packages = ["."]
  pruneopts = "UT"
  revision = "ae18d6b8b3205b561c79e8e5f69bff09736185f4"

[[projects]]
  branch = "master"
  digest = "1:1a0539f293ad62dd34cce1c5cc11b0aa2c1c322b2352682e22ecf5aecaf4a8bd"
  name = "github.com/oleksandr/bonjour"
  packages = ["."]
  pruneopts = "UT"
  revision = "5dcf00d8b228be86307f952f550f2191d956b9e2"

[[projects]]
  digest = "1:cf31692c14422fa27c83a05292eb5cbe0fb2775972e8f1f8446a71549bd8980b"
  name = "github.com/pkg/errors"
  packages = ["."]
  pruneopts = "UT"
  revision = "ba968bfe8b2f7e042a574c888954fccecfa385b4"
  version = "v0.8.1"

[[projects]]
  digest = "1:0028cb19b2e4c3112225cd871870f2d9cf49b9b4276531f03438a88e94be86fe"
  name = "github.com/pmezard/go-difflib"
  packages = ["difflib"]
  pruneopts = "UT"
  revision = "792786c7400a136282c1664665ae0a8db921c6c2"
  version = "v1.0.0"

[[projects]]
  branch = "master"
  digest = "1:23032e6b5c76eae8c2920a1141a16b6d343892dd3a454eabc00fa8aac4712dae"
  name = "github.com/pmylund/sortutil"
  packages = ["."]
  pruneopts = "UT"
  revision = "abeda66eb583fac2d8d98d3d2e6fbd5c67af7947"

[[projects]]
  digest = "1:8bc629776d035c003c7814d4369521afe67fdb8efc4b5f66540d29343b98cf23"
  name = "github.com/russross/blackfriday"
  packages = ["."]
  pruneopts = "UT"
  revision = "55d61fa8aa702f59229e6cff85793c22e580eaf5"
  version = "v1.5.1"

[[projects]]
  digest = "1:9e9193aa51197513b3abcb108970d831fbcf40ef96aa845c4f03276e1fa316d2"
  name = "github.com/sirupsen/logrus"
  packages = ["."]
  pruneopts = "UT"
  revision = "c155da19408a8799da419ed3eeb0cb5db0ad5dbc"
  version = "v1.0.5"

[[projects]]
  digest = "1:e01b05ba901239c783dfe56450bcde607fc858908529868259c9a8765dc176d0"
  name = "github.com/spf13/cobra"
  packages = [
    ".",
    "doc",
  ]
  pruneopts = "UT"
  revision = "ef82de70bb3f60c65fb8eebacbb2d122ef517385"
  version = "v0.0.3"

[[projects]]
  digest = "1:9424f440bba8f7508b69414634aef3b2b3a877e522d8a4624692412805407bb7"
  name = "github.com/spf13/pflag"
  packages = ["."]
  pruneopts = "UT"
  revision = "583c0c0531f06d5278b7d917446061adc344b5cd"
  version = "v1.0.1"

[[projects]]
  digest = "1:5da8ce674952566deae4dbc23d07c85caafc6cfa815b0b3e03e41979cedb8750"
  name = "github.com/stretchr/testify"
  packages = [
    "assert",
    "require",
  ]
  pruneopts = "UT"
  revision = "ffdc059bfe9ce6a4e144ba849dbedead332c6053"
  version = "v1.3.0"

[[projects]]
  digest = "1:76e2b7e208091c639435b893c9400e802d9a45efed22066cdb3312e4eb9d2025"
  name = "go.bug.st/cleanup"
  packages = ["."]
  pruneopts = "UT"
  revision = "a55db27f18335e11f995bfc0fb4a7ab38ce5669d"
  version = "v1.0.0"

[[projects]]
  branch = "master"
  digest = "1:975e88bfd9ed90a0e939a9e67ecab0682a28c0b9ed021bd30f469a0b5b4e3739"
  name = "go.bug.st/downloader"
  packages = ["."]
  pruneopts = "UT"
  revision = "9b8976a44d87b5d86444bccc3ed875b2530f45e0"

[[projects]]
  branch = "master"
  digest = "1:ad7c27ec39e9523a7412cad155c414d0871cb02a8e975dcf269eb2e55edba224"
  name = "go.bug.st/relaxed-semver"
  packages = ["."]
  pruneopts = "UT"
  revision = "0265409c585220cffdb70af2966e80044958b9a9"

[[projects]]
  branch = "master"
  digest = "1:49b892f63d6b54df49cc35901eba38acc3c5309f919b40b3d1e2ff859c8108ba"
  name = "go.bug.st/serial.v1"
  packages = [
    ".",
    "enumerator",
    "unixutils",
  ]
  pruneopts = "UT"
  revision = "5f7892a7bb453066bdc6683b9b5d24d9dee03ec1"

[[projects]]
  branch = "master"
  digest = "1:cfd661f1a52594117f2a753bb640a86d4dbf3e0d778c2641bfbc750e6a1c8be7"
  name = "golang.org/x/crypto"
  packages = [
    "ed25519",
    "ed25519/internal/edwards25519",
    "ssh/terminal",
  ]
  pruneopts = "UT"
  revision = "057139ce5d2bdbe6fe73c53679e24e9cf007f637"

[[projects]]
  branch = "master"
  digest = "1:aa0c2ae711605fdabbf35d0b9c0c57c6a9eba8b32b88ebce4ff5e435929ddf57"
  name = "golang.org/x/net"
  packages = [
    "bpf",
    "internal/iana",
    "internal/socket",
    "ipv4",
    "ipv6",
  ]
  pruneopts = "UT"
  revision = "5f9ae10d9af5b1c89ae6904293b14b064d4ada23"

[[projects]]
  branch = "master"
  digest = "1:a1580e9682c20174353f10b2e1669a55ab330ad19f6c526654e08835b7edd374"
  name = "golang.org/x/sys"
  packages = [
    "unix",
    "windows",
  ]
  pruneopts = "UT"
  revision = "bb9c189858d91f42db229b04d45a4c3d23a7662a"

[[projects]]
  digest = "1:8029e9743749d4be5bc9f7d42ea1659471767860f0cdc34d37c3111bd308a295"
  name = "golang.org/x/text"
  packages = [
    "internal/gen",
    "internal/triegen",
    "internal/ucd",
    "transform",
    "unicode/cldr",
    "unicode/norm",
  ]
  pruneopts = "UT"
  revision = "f21a4dfb5e38f5895301dc265a8def02365cc3d0"
  version = "v0.3.0"

[[projects]]
  branch = "master"
  digest = "1:6744c6d7a97ff6a89a54e88aea6e032dab293c34e8ea7c10a6e8414b65b015b3"
  name = "gopkg.in/cheggaaa/pb.v1"
  packages = ["."]
  pruneopts = "UT"
  revision = "291d751a997645784a6067bc8a4c528e819ee171"
  source = "github.com/cmaglie/pb"

[[projects]]
  digest = "1:8b1a1e6d3dcef7c542f604f8b9f8013d1d13c3d61f8e9cbe368afa2735c898c2"
  name = "gopkg.in/h2non/filetype.v1"
  packages = [
    ".",
    "matchers",
    "types",
  ]
  pruneopts = "UT"
  revision = "cc14fdc9ca0e4c2bafad7458f6ff79fd3947cfbb"
  version = "v1.0.5"

[[projects]]
  digest = "1:4d2e5a73dc1500038e504a8d78b986630e3626dc027bc030ba5c75da257cdb96"
  name = "gopkg.in/yaml.v2"
  packages = ["."]
  pruneopts = "UT"
  revision = "51d6538a90f86fe93ac480b35f37b2be17fef232"
  version = "v2.2.2"

[solve-meta]
  analyzer-name = "dep"
  analyzer-version = 1
  input-imports = [
    "github.com/arduino/arduino-builder",
    "github.com/arduino/arduino-builder/types",
    "github.com/arduino/board-discovery",
    "github.com/arduino/go-paths-helper",
    "github.com/arduino/go-properties-orderedmap",
    "github.com/arduino/go-win32-utils",
    "github.com/bgentry/go-netrc/netrc",
    "github.com/bouk/monkey",
    "github.com/codeclysm/cc",
    "github.com/codeclysm/extract",
    "github.com/fatih/color",
    "github.com/gosuri/uitable",
    "github.com/mattn/go-colorable",
    "github.com/mitchellh/go-homedir",
    "github.com/pkg/errors",
    "github.com/pmylund/sortutil",
    "github.com/sirupsen/logrus",
    "github.com/spf13/cobra",
    "github.com/spf13/cobra/doc",
    "github.com/stretchr/testify/assert",
    "github.com/stretchr/testify/require",
    "go.bug.st/cleanup",
    "go.bug.st/downloader",
    "go.bug.st/relaxed-semver",
    "go.bug.st/serial.v1",
    "golang.org/x/crypto/ssh/terminal",
    "gopkg.in/cheggaaa/pb.v1",
    "gopkg.in/yaml.v2",
  ]
  solver-name = "gps-cdcl"
  solver-version = 1
